
Microsoft Visual Studio Solution File, Format Version 12.00
# Visual Studio Version 16
VisualStudioVersion = 25.0.1705.3
MinimumVisualStudioVersion = 10.0.40219.1
Project("{FAE04EC0-301F-11D3-BF4B-00C04F79EFBC}") = "TodoApi", "TodoApi\TodoApi.csproj", "{FB39F47A-AF97-40ED-BA7A-7C1E1724AB98}"
EndProject
Global
	GlobalSection(SolutionConfigurationPlatforms) = preSolution
		Debug|Any CPU = Debug|Any CPU
		Release|Any CPU = Release|Any CPU
	EndGlobalSection
	GlobalSection(ProjectConfigurationPlatforms) = postSolution
		{FB39F47A-AF97-40ED-BA7A-7C1E1724AB98}.Debug|Any CPU.ActiveCfg = Debug|Any CPU
		{FB39F47A-AF97-40ED-BA7A-7C1E1724AB98}.Debug|Any CPU.Build.0 = Debug|Any CPU
		{FB39F47A-AF97-40ED-BA7A-7C1E1724AB98}.Release|Any CPU.ActiveCfg = Release|Any CPU
		{FB39F47A-AF97-40ED-BA7A-7C1E1724AB98}.Release|Any CPU.Build.0 = Release|Any CPU
	EndGlobalSection
	GlobalSection(SolutionProperties) = preSolution
		HideSolutionNode = FALSE
	EndGlobalSection
	GlobalSection(ExtensibilityGlobals) = postSolution
		SolutionGuid = {DDBFB849-E9FE-4308-B66A-624A59BC60AD}
	EndGlobalSection
EndGlobal
